
Microsoft Visual Studio Solution File, Format Version 11.00
# Visual Studio 2010
Project("{FAE04EC0-301F-11D3-BF4B-00C04F79EFBC}") = "Assembly-CSharp", "Assembly-CSharp.csproj", "{7EF1A517-9E76-C1D4-1D1D-31204A5A868D}"
EndProject
Project("{FAE04EC0-301F-11D3-BF4B-00C04F79EFBC}") = "Assembly-CSharp-firstpass", "Assembly-CSharp-firstpass.csproj", "{891ACD9F-547D-C553-D302-91C2634F70CD}"
EndProject
Project("{FAE04EC0-301F-11D3-BF4B-00C04F79EFBC}") = "Assembly-CSharp-Editor", "Assembly-CSharp-Editor.csproj", "{2DDD511B-C477-DD70-021D-B93F3EDF9651}"
EndProject
Global
	GlobalSection(SolutionConfigurationPlatforms) = preSolution
		Debug|Any CPU = Debug|Any CPU
		Release|Any CPU = Release|Any CPU
	EndGlobalSection
	GlobalSection(ProjectConfigurationPlatforms) = postSolution
		{7EF1A517-9E76-C1D4-1D1D-31204A5A868D}.Debug|Any CPU.ActiveCfg = Debug|Any CPU
		{7EF1A517-9E76-C1D4-1D1D-31204A5A868D}.Debug|Any CPU.Build.0 = Debug|Any CPU
		{7EF1A517-9E76-C1D4-1D1D-31204A5A868D}.Release|Any CPU.ActiveCfg = Release|Any CPU
		{7EF1A517-9E76-C1D4-1D1D-31204A5A868D}.Release|Any CPU.Build.0 = Release|Any CPU
		{891ACD9F-547D-C553-D302-91C2634F70CD}.Debug|Any CPU.ActiveCfg = Debug|Any CPU
		{891ACD9F-547D-C553-D302-91C2634F70CD}.Debug|Any CPU.Build.0 = Debug|Any CPU
		{891ACD9F-547D-C553-D302-91C2634F70CD}.Release|Any CPU.ActiveCfg = Release|Any CPU
		{891ACD9F-547D-C553-D302-91C2634F70CD}.Release|Any CPU.Build.0 = Release|Any CPU
		{2DDD511B-C477-DD70-021D-B93F3EDF9651}.Debug|Any CPU.ActiveCfg = Debug|Any CPU
		{2DDD511B-C477-DD70-021D-B93F3EDF9651}.Debug|Any CPU.Build.0 = Debug|Any CPU
		{2DDD511B-C477-DD70-021D-B93F3EDF9651}.Release|Any CPU.ActiveCfg = Release|Any CPU
		{2DDD511B-C477-DD70-021D-B93F3EDF9651}.Release|Any CPU.Build.0 = Release|Any CPU
	EndGlobalSection
	GlobalSection(SolutionProperties) = preSolution
		HideSolutionNode = FALSE
	EndGlobalSection
EndGlobal
